{
    "name": "@data-generators/compiler",
    "version": "0.1.11",
    "lockfileVersion": 2,
    "requires": true,
    "packages": {
        "": {
            "name": "@data-generators/compiler",
            "version": "0.1.11",
            "dependencies": {
                "@data-generators/core": "^0.2.5",
                "ts-toolbelt": "^9.6.0",
                "typescript": "^5.1.6"
            },
            "devDependencies": {
                "@rushstack/heft": "~0.50.0",
                "@rushstack/heft-jest-plugin": "~0.5.5",
                "@rushstack/heft-node-rig": "~1.12.5",
                "@ts-morph/bootstrap": "^0.20.0",
                "@types/heft-jest": "1.0.3"
            }
        },
        "../../common/temp/node_modules/.pnpm/@rushstack+heft-jest-plugin@0.5.5_@rushstack+heft@0.50.0/node_modules/@rushstack/heft-jest-plugin": {
            "version": "0.5.5",
            "dev": true,
            "license": "MIT",
            "dependencies": {
                "@jest/core": "~29.3.1",
                "@jest/reporters": "~29.3.1",
                "@jest/transform": "~29.3.1",
                "@rushstack/heft-config-file": "0.11.9",
                "@rushstack/node-core-library": "3.55.2",
                "jest-config": "~29.3.1",
                "jest-resolve": "~29.3.1",
                "jest-snapshot": "~29.3.1",
                "lodash": "~4.17.15"
            },
            "devDependencies": {
                "@jest/types": "29.3.1",
                "@microsoft/api-extractor": "7.34.4",
                "@rushstack/eslint-config": "3.2.0",
                "@rushstack/heft": "0.50.0",
                "@types/heft-jest": "1.0.1",
                "@types/lodash": "4.14.116",
                "@types/node": "14.18.36",
                "eslint": "~8.7.0",
                "jest-environment-jsdom": "~29.3.1",
                "jest-environment-node": "~29.3.1",
                "jest-watch-select-projects": "2.0.0",
                "typescript": "~4.8.4"
            },
            "peerDependencies": {
                "@rushstack/heft": "^0.50.0"
            }
        },
        "../../common/temp/node_modules/.pnpm/@rushstack+heft-jest-plugin@0.5.5_6b960689b75ea565502a86d86ee4a412/node_modules/@rushstack/heft-jest-plugin": {
            "version": "0.5.5",
            "extraneous": true,
            "license": "MIT",
            "dependencies": {
                "@jest/core": "~29.3.1",
                "@jest/reporters": "~29.3.1",
                "@jest/transform": "~29.3.1",
                "@rushstack/heft-config-file": "0.11.9",
                "@rushstack/node-core-library": "3.55.2",
                "jest-config": "~29.3.1",
                "jest-resolve": "~29.3.1",
                "jest-snapshot": "~29.3.1",
                "lodash": "~4.17.15"
            },
            "devDependencies": {
                "@jest/types": "29.3.1",
                "@microsoft/api-extractor": "7.34.4",
                "@rushstack/eslint-config": "3.2.0",
                "@rushstack/heft": "0.50.0",
                "@types/heft-jest": "1.0.1",
                "@types/lodash": "4.14.116",
                "@types/node": "14.18.36",
                "eslint": "~8.7.0",
                "jest-environment-jsdom": "~29.3.1",
                "jest-environment-node": "~29.3.1",
                "jest-watch-select-projects": "2.0.0",
                "typescript": "~4.8.4"
            },
            "peerDependencies": {
                "@rushstack/heft": "^0.50.0"
            }
        },
        "../../common/temp/node_modules/.pnpm/@rushstack+heft-node-rig@1.12.5_@rushstack+heft@0.50.0/node_modules/@rushstack/heft-node-rig": {
            "version": "1.12.5",
            "dev": true,
            "license": "MIT",
            "dependencies": {
                "@microsoft/api-extractor": "7.34.4",
                "@rushstack/heft-jest-plugin": "0.5.5",
                "eslint": "~8.7.0",
                "jest-environment-node": "~29.3.1",
                "typescript": "~4.8.4"
            },
            "devDependencies": {
                "@rushstack/heft": "0.50.0"
            },
            "peerDependencies": {
                "@rushstack/heft": "^0.50.0"
            }
        },
        "../../common/temp/node_modules/.pnpm/@rushstack+heft-node-rig@1.12.5_6b960689b75ea565502a86d86ee4a412/node_modules/@rushstack/heft-node-rig": {
            "version": "1.12.5",
            "extraneous": true,
            "license": "MIT",
            "dependencies": {
                "@microsoft/api-extractor": "7.34.4",
                "@rushstack/heft-jest-plugin": "0.5.5",
                "eslint": "~8.7.0",
                "jest-environment-node": "~29.3.1",
                "typescript": "~4.8.4"
            },
            "devDependencies": {
                "@rushstack/heft": "0.50.0"
            },
            "peerDependencies": {
                "@rushstack/heft": "^0.50.0"
            }
        },
        "../../common/temp/node_modules/.pnpm/@rushstack+heft@0.50.0_@types+node@18.15.7/node_modules/@rushstack/heft": {
            "version": "0.50.0",
            "extraneous": true,
            "license": "MIT",
            "dependencies": {
                "@rushstack/heft-config-file": "0.11.9",
                "@rushstack/node-core-library": "3.55.2",
                "@rushstack/rig-package": "0.3.18",
                "@rushstack/ts-command-line": "4.13.2",
                "@types/tapable": "1.0.6",
                "argparse": "~1.0.9",
                "chokidar": "~3.4.0",
                "fast-glob": "~3.2.4",
                "glob": "~7.0.5",
                "glob-escape": "~0.0.2",
                "prettier": "~2.3.0",
                "semver": "~7.3.0",
                "tapable": "1.1.3",
                "true-case-path": "~2.2.1"
            },
            "bin": {
                "heft": "bin/heft"
            },
            "devDependencies": {
                "@microsoft/api-extractor": "7.34.4",
                "@rushstack/eslint-config": "3.2.0",
                "@rushstack/heft": "0.49.3",
                "@rushstack/heft-node-rig": "1.11.14",
                "@types/argparse": "1.0.38",
                "@types/eslint": "8.2.0",
                "@types/glob": "7.1.1",
                "@types/heft-jest": "1.0.1",
                "@types/node": "14.18.36",
                "@types/semver": "7.3.5",
                "colors": "~1.2.1",
                "tslint": "~5.20.1",
                "typescript": "~4.8.4"
            },
            "engines": {
                "node": ">=10.13.0"
            }
        },
        "../../common/temp/node_modules/.pnpm/@rushstack+heft@0.50.0/node_modules/@rushstack/heft": {
            "version": "0.50.0",
            "dev": true,
            "license": "MIT",
            "dependencies": {
                "@rushstack/heft-config-file": "0.11.9",
                "@rushstack/node-core-library": "3.55.2",
                "@rushstack/rig-package": "0.3.18",
                "@rushstack/ts-command-line": "4.13.2",
                "@types/tapable": "1.0.6",
                "argparse": "~1.0.9",
                "chokidar": "~3.4.0",
                "fast-glob": "~3.2.4",
                "glob": "~7.0.5",
                "glob-escape": "~0.0.2",
                "prettier": "~2.3.0",
                "semver": "~7.3.0",
                "tapable": "1.1.3",
                "true-case-path": "~2.2.1"
            },
            "bin": {
                "heft": "bin/heft"
            },
            "devDependencies": {
                "@microsoft/api-extractor": "7.34.4",
                "@rushstack/eslint-config": "3.2.0",
                "@rushstack/heft": "0.49.3",
                "@rushstack/heft-node-rig": "1.11.14",
                "@types/argparse": "1.0.38",
                "@types/eslint": "8.2.0",
                "@types/glob": "7.1.1",
                "@types/heft-jest": "1.0.1",
                "@types/node": "14.18.36",
                "@types/semver": "7.3.5",
                "colors": "~1.2.1",
                "tslint": "~5.20.1",
                "typescript": "~4.8.4"
            },
            "engines": {
                "node": ">=10.13.0"
            }
        },
        "../../common/temp/node_modules/.pnpm/@ts-morph+bootstrap@0.20.0/node_modules/@ts-morph/bootstrap": {
            "version": "0.20.0",
            "dev": true,
            "license": "MIT",
            "dependencies": {
                "@ts-morph/common": "~0.20.0"
            },
            "devDependencies": {
                "@rollup/plugin-typescript": "^11.0.0",
                "@types/chai": "^4.3.4",
                "@types/mocha": "^10.0.1",
                "@types/node": "^18.15.9",
                "chai": "^4.3.7",
                "cross-env": "^7.0.3",
                "mocha": "^10.2.0",
                "rimraf": "^4.4.1",
                "rollup": "=3.20.2",
                "ts-node": "^10.9.1",
                "tslib": "^2.5.0",
                "typescript": "~5.1.3"
            }
        },
        "../../common/temp/node_modules/.pnpm/@types+heft-jest@1.0.3/node_modules/@types/heft-jest": {
            "version": "1.0.3",
            "dev": true,
            "license": "MIT",
            "dependencies": {
                "@types/jest": "*"
            }
        },
        "../../common/temp/node_modules/.pnpm/@types+node@18.15.7/node_modules/@types/node": {
            "version": "18.15.7",
            "extraneous": true,
            "license": "MIT"
        },
        "../../common/temp/node_modules/.pnpm/@types+uuid@9.0.1/node_modules/@types/uuid": {
            "version": "9.0.1",
            "extraneous": true,
            "license": "MIT"
        },
        "../../common/temp/node_modules/.pnpm/ts-toolbelt@9.6.0/node_modules/ts-toolbelt": {
            "version": "9.6.0",
            "license": "Apache-2.0",
            "devDependencies": {
                "@commitlint/cli": "^11.0.0",
                "@commitlint/config-conventional": "^11.0.0",
                "@typescript-eslint/parser": "^4.14.0",
                "eledoc": "^0.2.0",
                "eslint": "^7.18.0",
                "eslint-plugin-fp": "^2.3.0",
                "eslint-plugin-react": "^7.22.0",
                "husky": "^4.3.0",
                "npx": "^10.2.0",
                "sort-package-json": "^1.48.0",
                "standard-version": "^9.1.0",
                "ts-node": "^9.1.0",
                "tslib": "^2.1.0",
                "typedoc": "^0.20.0",
                "typescript": "latest"
            }
        },
        "../../common/temp/node_modules/.pnpm/typescript@5.1.6/node_modules/typescript": {
            "version": "5.1.6",
            "license": "Apache-2.0",
            "bin": {
                "tsc": "bin/tsc",
                "tsserver": "bin/tsserver"
            },
            "devDependencies": {
                "@esfx/canceltoken": "^1.0.0",
                "@octokit/rest": "latest",
                "@types/chai": "^4.3.4",
                "@types/fs-extra": "^9.0.13",
                "@types/glob": "^8.1.0",
                "@types/microsoft__typescript-etw": "^0.1.1",
                "@types/minimist": "^1.2.2",
                "@types/mocha": "^10.0.1",
                "@types/ms": "^0.7.31",
                "@types/node": "latest",
                "@types/source-map-support": "^0.5.6",
                "@types/which": "^2.0.1",
                "@typescript-eslint/eslint-plugin": "^5.33.1",
                "@typescript-eslint/parser": "^5.33.1",
                "@typescript-eslint/utils": "^5.33.1",
                "azure-devops-node-api": "^12.0.0",
                "chai": "^4.3.7",
                "chalk": "^4.1.2",
                "chokidar": "^3.5.3",
                "del": "^6.1.1",
                "diff": "^5.1.0",
                "esbuild": "^0.17.2",
                "eslint": "^8.22.0",
                "eslint-formatter-autolinkable-stylish": "^1.2.0",
                "eslint-plugin-import": "^2.26.0",
                "eslint-plugin-local": "^1.0.0",
                "eslint-plugin-no-null": "^1.0.2",
                "eslint-plugin-simple-import-sort": "^10.0.0",
                "fast-xml-parser": "^4.0.11",
                "fs-extra": "^9.1.0",
                "glob": "^8.1.0",
                "hereby": "^1.6.4",
                "jsonc-parser": "^3.2.0",
                "minimist": "^1.2.8",
                "mocha": "^10.2.0",
                "mocha-fivemat-progress-reporter": "^0.1.0",
                "ms": "^2.1.3",
                "node-fetch": "^3.2.10",
                "source-map-support": "^0.5.21",
                "tslib": "^2.5.0",
                "typescript": "^5.0.2",
                "which": "^2.0.2"
            },
            "engines": {
                "node": ">=14.17"
            }
        },
        "../../common/temp/node_modules/.pnpm/uuid@8.3.2/node_modules/uuid": {
            "version": "8.3.2",
            "extraneous": true,
            "license": "MIT",
            "bin": {
                "uuid": "dist/bin/uuid"
            },
            "devDependencies": {
                "@babel/cli": "7.11.6",
                "@babel/core": "7.11.6",
                "@babel/preset-env": "7.11.5",
                "@commitlint/cli": "11.0.0",
                "@commitlint/config-conventional": "11.0.0",
                "@rollup/plugin-node-resolve": "9.0.0",
                "babel-eslint": "10.1.0",
                "bundlewatch": "0.3.1",
                "eslint": "7.10.0",
                "eslint-config-prettier": "6.12.0",
                "eslint-config-standard": "14.1.1",
                "eslint-plugin-import": "2.22.1",
                "eslint-plugin-node": "11.1.0",
                "eslint-plugin-prettier": "3.1.4",
                "eslint-plugin-promise": "4.2.1",
                "eslint-plugin-standard": "4.0.1",
                "husky": "4.3.0",
                "jest": "25.5.4",
                "lint-staged": "10.4.0",
                "npm-run-all": "4.1.5",
                "optional-dev-dependency": "2.0.1",
                "prettier": "2.1.2",
                "random-seed": "0.3.0",
                "rollup": "2.28.2",
                "rollup-plugin-terser": "7.0.2",
                "runmd": "1.3.2",
                "standard-version": "9.0.0"
            }
        },
        "../core": {
            "name": "@data-generators/core",
            "version": "0.2.5",
            "extraneous": true,
            "dependencies": {
                "ts-toolbelt": "^9.6.0",
                "uuid": "^8.3.2"
            },
            "devDependencies": {
                "@rushstack/heft": "~0.50.0",
                "@rushstack/heft-jest-plugin": "~0.5.5",
                "@rushstack/heft-node-rig": "~1.12.5",
                "@types/heft-jest": "1.0.3",
                "@types/node": "18.15.7",
                "@types/uuid": "^9.0.1",
                "typescript": "^5.1.6"
            }
        },
        "node_modules/@data-generators/core": {
            "version": "0.2.5",
            "resolved": "https://registry.npmjs.org/@data-generators/core/-/core-0.2.5.tgz",
            "integrity": "sha512-B31hdUkPykzVgvCRJt6vlqAXN0hNA05rS4osmewPT9JBgwIXpeosDd+VIOc/Jkaye3RxEBrcAzsGKxKOG1ybmw==",
            "dependencies": {
                "ts-toolbelt": "^9.6.0",
                "uuid": "^8.3.2"
            }
        },
        "node_modules/@rushstack/heft": {
            "resolved": "../../common/temp/node_modules/.pnpm/@rushstack+heft@0.50.0/node_modules/@rushstack/heft",
            "link": true
        },
        "node_modules/@rushstack/heft-jest-plugin": {
            "resolved": "../../common/temp/node_modules/.pnpm/@rushstack+heft-jest-plugin@0.5.5_@rushstack+heft@0.50.0/node_modules/@rushstack/heft-jest-plugin",
            "link": true
        },
        "node_modules/@rushstack/heft-node-rig": {
            "resolved": "../../common/temp/node_modules/.pnpm/@rushstack+heft-node-rig@1.12.5_@rushstack+heft@0.50.0/node_modules/@rushstack/heft-node-rig",
            "link": true
        },
        "node_modules/@ts-morph/bootstrap": {
            "resolved": "../../common/temp/node_modules/.pnpm/@ts-morph+bootstrap@0.20.0/node_modules/@ts-morph/bootstrap",
            "link": true
        },
        "node_modules/@types/heft-jest": {
            "resolved": "../../common/temp/node_modules/.pnpm/@types+heft-jest@1.0.3/node_modules/@types/heft-jest",
            "link": true
        },
        "node_modules/ts-toolbelt": {
            "resolved": "../../common/temp/node_modules/.pnpm/ts-toolbelt@9.6.0/node_modules/ts-toolbelt",
            "link": true
        },
        "node_modules/typescript": {
            "resolved": "../../common/temp/node_modules/.pnpm/typescript@5.1.6/node_modules/typescript",
            "link": true
        },
        "node_modules/uuid": {
            "version": "8.3.2",
            "resolved": "https://registry.npmjs.org/uuid/-/uuid-8.3.2.tgz",
            "integrity": "sha512-+NYs2QeMWy+GWFOEm9xnn6HCDp0l7QBD7ml8zLUmJ+93Q5NF0NocErnwkTkXVFNiX3/fpC6afS8Dhb/gz7R7eg==",
            "bin": {
                "uuid": "dist/bin/uuid"
            }
        }
    },
    "dependencies": {
        "@data-generators/core": {
            "version": "0.2.5",
            "resolved": "https://registry.npmjs.org/@data-generators/core/-/core-0.2.5.tgz",
            "integrity": "sha512-B31hdUkPykzVgvCRJt6vlqAXN0hNA05rS4osmewPT9JBgwIXpeosDd+VIOc/Jkaye3RxEBrcAzsGKxKOG1ybmw==",
            "requires": {
                "ts-toolbelt": "^9.6.0",
                "uuid": "^8.3.2"
            }
        },
        "@rushstack/heft": {
            "version": "file:../../common/temp/node_modules/.pnpm/@rushstack+heft@0.50.0/node_modules/@rushstack/heft",
            "requires": {
                "@microsoft/api-extractor": "7.34.4",
                "@rushstack/eslint-config": "3.2.0",
                "@rushstack/heft": "0.49.3",
                "@rushstack/heft-config-file": "0.11.9",
                "@rushstack/heft-node-rig": "1.11.14",
                "@rushstack/node-core-library": "3.55.2",
                "@rushstack/rig-package": "0.3.18",
                "@rushstack/ts-command-line": "4.13.2",
                "@types/argparse": "1.0.38",
                "@types/eslint": "8.2.0",
                "@types/glob": "7.1.1",
                "@types/heft-jest": "1.0.1",
                "@types/node": "14.18.36",
                "@types/semver": "7.3.5",
                "@types/tapable": "1.0.6",
                "argparse": "~1.0.9",
                "chokidar": "~3.4.0",
                "colors": "~1.2.1",
                "fast-glob": "~3.2.4",
                "glob": "~7.0.5",
                "glob-escape": "~0.0.2",
                "prettier": "~2.3.0",
                "semver": "~7.3.0",
                "tapable": "1.1.3",
                "true-case-path": "~2.2.1",
                "tslint": "~5.20.1",
                "typescript": "~4.8.4"
            }
        },
        "@rushstack/heft-jest-plugin": {
            "version": "file:../../common/temp/node_modules/.pnpm/@rushstack+heft-jest-plugin@0.5.5_@rushstack+heft@0.50.0/node_modules/@rushstack/heft-jest-plugin",
            "requires": {
                "@jest/core": "~29.3.1",
                "@jest/reporters": "~29.3.1",
                "@jest/transform": "~29.3.1",
                "@jest/types": "29.3.1",
                "@microsoft/api-extractor": "7.34.4",
                "@rushstack/eslint-config": "3.2.0",
                "@rushstack/heft": "0.50.0",
                "@rushstack/heft-config-file": "0.11.9",
                "@rushstack/node-core-library": "3.55.2",
                "@types/heft-jest": "1.0.1",
                "@types/lodash": "4.14.116",
                "@types/node": "14.18.36",
                "eslint": "~8.7.0",
                "jest-config": "~29.3.1",
                "jest-environment-jsdom": "~29.3.1",
                "jest-environment-node": "~29.3.1",
                "jest-resolve": "~29.3.1",
                "jest-snapshot": "~29.3.1",
                "jest-watch-select-projects": "2.0.0",
                "lodash": "~4.17.15",
                "typescript": "~4.8.4"
            }
        },
        "@rushstack/heft-node-rig": {
            "version": "file:../../common/temp/node_modules/.pnpm/@rushstack+heft-node-rig@1.12.5_@rushstack+heft@0.50.0/node_modules/@rushstack/heft-node-rig",
            "requires": {
                "@microsoft/api-extractor": "7.34.4",
                "@rushstack/heft": "0.50.0",
                "@rushstack/heft-jest-plugin": "0.5.5",
                "eslint": "~8.7.0",
                "jest-environment-node": "~29.3.1",
                "typescript": "~4.8.4"
            }
        },
        "@ts-morph/bootstrap": {
            "version": "file:../../common/temp/node_modules/.pnpm/@ts-morph+bootstrap@0.20.0/node_modules/@ts-morph/bootstrap",
            "requires": {
                "@rollup/plugin-typescript": "^11.0.0",
                "@ts-morph/common": "~0.20.0",
                "@types/chai": "^4.3.4",
                "@types/mocha": "^10.0.1",
                "@types/node": "^18.15.9",
                "chai": "^4.3.7",
                "cross-env": "^7.0.3",
                "mocha": "^10.2.0",
                "rimraf": "^4.4.1",
                "rollup": "=3.20.2",
                "ts-node": "^10.9.1",
                "tslib": "^2.5.0",
                "typescript": "~5.1.3"
            }
        },
        "@types/heft-jest": {
            "version": "file:../../common/temp/node_modules/.pnpm/@types+heft-jest@1.0.3/node_modules/@types/heft-jest",
            "requires": {
                "@types/jest": "*"
            }
        },
        "ts-toolbelt": {
            "version": "file:../../common/temp/node_modules/.pnpm/ts-toolbelt@9.6.0/node_modules/ts-toolbelt",
            "requires": {
                "@commitlint/cli": "^11.0.0",
                "@commitlint/config-conventional": "^11.0.0",
                "@typescript-eslint/parser": "^4.14.0",
                "eledoc": "^0.2.0",
                "eslint": "^7.18.0",
                "eslint-plugin-fp": "^2.3.0",
                "eslint-plugin-react": "^7.22.0",
                "husky": "^4.3.0",
                "npx": "^10.2.0",
                "sort-package-json": "^1.48.0",
                "standard-version": "^9.1.0",
                "ts-node": "^9.1.0",
                "tslib": "^2.1.0",
                "typedoc": "^0.20.0",
                "typescript": "latest"
            }
        },
        "typescript": {
            "version": "file:../../common/temp/node_modules/.pnpm/typescript@5.1.6/node_modules/typescript",
            "requires": {
                "@esfx/canceltoken": "^1.0.0",
                "@octokit/rest": "latest",
                "@types/chai": "^4.3.4",
                "@types/fs-extra": "^9.0.13",
                "@types/glob": "^8.1.0",
                "@types/microsoft__typescript-etw": "^0.1.1",
                "@types/minimist": "^1.2.2",
                "@types/mocha": "^10.0.1",
                "@types/ms": "^0.7.31",
                "@types/node": "latest",
                "@types/source-map-support": "^0.5.6",
                "@types/which": "^2.0.1",
                "@typescript-eslint/eslint-plugin": "^5.33.1",
                "@typescript-eslint/parser": "^5.33.1",
                "@typescript-eslint/utils": "^5.33.1",
                "azure-devops-node-api": "^12.0.0",
                "chai": "^4.3.7",
                "chalk": "^4.1.2",
                "chokidar": "^3.5.3",
                "del": "^6.1.1",
                "diff": "^5.1.0",
                "esbuild": "^0.17.2",
                "eslint": "^8.22.0",
                "eslint-formatter-autolinkable-stylish": "^1.2.0",
                "eslint-plugin-import": "^2.26.0",
                "eslint-plugin-local": "^1.0.0",
                "eslint-plugin-no-null": "^1.0.2",
                "eslint-plugin-simple-import-sort": "^10.0.0",
                "fast-xml-parser": "^4.0.11",
                "fs-extra": "^9.1.0",
                "glob": "^8.1.0",
                "hereby": "^1.6.4",
                "jsonc-parser": "^3.2.0",
                "minimist": "^1.2.8",
                "mocha": "^10.2.0",
                "mocha-fivemat-progress-reporter": "^0.1.0",
                "ms": "^2.1.3",
                "node-fetch": "^3.2.10",
                "source-map-support": "^0.5.21",
                "tslib": "^2.5.0",
                "typescript": "^5.0.2",
                "which": "^2.0.2"
            }
        },
        "uuid": {
            "version": "8.3.2",
            "resolved": "https://registry.npmjs.org/uuid/-/uuid-8.3.2.tgz",
            "integrity": "sha512-+NYs2QeMWy+GWFOEm9xnn6HCDp0l7QBD7ml8zLUmJ+93Q5NF0NocErnwkTkXVFNiX3/fpC6afS8Dhb/gz7R7eg=="
        }
    }
}
